<?xml version="1.0" encoding="UTF-8" standalone="yes" ?>
<CodeBlocks_project_file>
	<FileVersion major="1" minor="6" />
	<Project>
		<Option title="aserver" />
		<Option pch_mode="2" />
		<Option compiler="gcc" />
		<Build>
			<Target title="Debug">
				<Option output="bin/Debug/aserver" prefix_auto="1" extension_auto="1" />
				<Option object_output="obj/Debug/" />
				<Option type="1" />
				<Option compiler="gcc" />
				<Compiler>
					<Add option="-g" />
				</Compiler>
			</Target>
			<Target title="Release">
				<Option output="bin/Release/aserver" prefix_auto="1" extension_auto="1" />
				<Option object_output="obj/Release/" />
				<Option type="1" />
				<Option compiler="gcc" />
				<Compiler>
					<Add option="-O2" />
				</Compiler>
				<Linker>
					<Add option="-s" />
				</Linker>
			</Target>
		</Build>
		<Compiler>
			<Add option="-Wall" />
			<Add option="-fexceptions" />
			<Add directory="include" />
			<Add directory="../../Libraries/tinyXml2/include" />
			<Add directory="../xmltest/include" />
		</Compiler>
		<Linker>
			<Add library="../../Libraries/tinyXml2/lib/libtinyxml2.a" />
			<Add library="boost_system" />
			<Add library="boost_thread" />
		</Linker>
		<Unit filename="include/HandlingServer.hpp" />
		<Unit filename="include/KukaCommand.hpp" />
		<Unit filename="include/KukaResponse.hpp" />
		<Unit filename="include/Server.hpp" />
		<Unit filename="include/ServerConfig.hpp" />
		<Unit filename="include/ThreadSafeQueue.hpp" />
		<Unit filename="include/XMLFormatter.hpp" />
		<Unit filename="include/XMLParser.hpp" />
		<Unit filename="server_main.cpp" />
		<Unit filename="snippets/server.cpp">
			<Option target="&lt;{~None~}&gt;" />
		</Unit>
		<Extensions>
			<code_completion />
			<debugger />
		</Extensions>
	</Project>
</CodeBlocks_project_file>
